
Microsoft Visual Studio Solution File, Format Version 12.00
# Visual Studio 14
VisualStudioVersion = 14.0.25420.1
MinimumVisualStudioVersion = 10.0.40219.1
Project("{FAE04EC0-301F-11D3-BF4B-00C04F79EFBC}") = "SnakeGame", "Snakes on a Game\Snakes on a Game\SnakeGame.csproj", "{AAF16153-C66A-4A37-81B3-A410F83422F5}"
EndProject
Project("{FAE04EC0-301F-11D3-BF4B-00C04F79EFBC}") = "SnakeGameContent", "Snakes on a Game\Snakes on a GameContent\SnakeGameContent.contentproj", "{2269EF06-9B88-4931-9737-240D228D13F8}"
EndProject
Global
	GlobalSection(SolutionConfigurationPlatforms) = preSolution
		Debug|x86 = Debug|x86
		Release|x86 = Release|x86
	EndGlobalSection
	GlobalSection(ProjectConfigurationPlatforms) = postSolution
		{AAF16153-C66A-4A37-81B3-A410F83422F5}.Debug|x86.ActiveCfg = Debug|x86
		{AAF16153-C66A-4A37-81B3-A410F83422F5}.Debug|x86.Build.0 = Debug|x86
		{AAF16153-C66A-4A37-81B3-A410F83422F5}.Release|x86.ActiveCfg = Release|x86
		{AAF16153-C66A-4A37-81B3-A410F83422F5}.Release|x86.Build.0 = Release|x86
		{2269EF06-9B88-4931-9737-240D228D13F8}.Debug|x86.ActiveCfg = Debug|x86
		{2269EF06-9B88-4931-9737-240D228D13F8}.Release|x86.ActiveCfg = Release|x86
	EndGlobalSection
	GlobalSection(SolutionProperties) = preSolution
		HideSolutionNode = FALSE
	EndGlobalSection
EndGlobal
